
Microsoft Visual Studio Solution File, Format Version 12.00
# Visual Studio 2013
VisualStudioVersion = 12.0.21005.1
MinimumVisualStudioVersion = 10.0.40219.1
Project("{FAE04EC0-301F-11D3-BF4B-00C04F79EFBC}") = "StudentAPI", "StudentAPI\StudentAPI.csproj", "{3723B831-7C15-4962-B43C-D9D3632826CC}"
EndProject
Project("{FAE04EC0-301F-11D3-BF4B-00C04F79EFBC}") = "CorsStudentClient", "CorsStudentClient\CorsStudentClient.csproj", "{1F96B013-9306-4741-BBA0-DE095DB13A33}"
EndProject
Global
	GlobalSection(SolutionConfigurationPlatforms) = preSolution
		Debug|Any CPU = Debug|Any CPU
		Release|Any CPU = Release|Any CPU
	EndGlobalSection
	GlobalSection(ProjectConfigurationPlatforms) = postSolution
		{3723B831-7C15-4962-B43C-D9D3632826CC}.Debug|Any CPU.ActiveCfg = Debug|Any CPU
		{3723B831-7C15-4962-B43C-D9D3632826CC}.Debug|Any CPU.Build.0 = Debug|Any CPU
		{3723B831-7C15-4962-B43C-D9D3632826CC}.Release|Any CPU.ActiveCfg = Release|Any CPU
		{3723B831-7C15-4962-B43C-D9D3632826CC}.Release|Any CPU.Build.0 = Release|Any CPU
		{1F96B013-9306-4741-BBA0-DE095DB13A33}.Debug|Any CPU.ActiveCfg = Debug|Any CPU
		{1F96B013-9306-4741-BBA0-DE095DB13A33}.Debug|Any CPU.Build.0 = Debug|Any CPU
		{1F96B013-9306-4741-BBA0-DE095DB13A33}.Release|Any CPU.ActiveCfg = Release|Any CPU
		{1F96B013-9306-4741-BBA0-DE095DB13A33}.Release|Any CPU.Build.0 = Release|Any CPU
	EndGlobalSection
	GlobalSection(SolutionProperties) = preSolution
		HideSolutionNode = FALSE
	EndGlobalSection
EndGlobal
